// !$*UTF8*$!
{
	archiveVersion = 1;
	classes = {
	};
	objectVersion = 56;
	objects = {

/* Begin PBXBuildFile section */
		D1806B152A79A07700C031B8 /* RecentTransactionList.swift in Sources */ = {isa = PBXBuildFile; fileRef = D1806B142A79A07700C031B8 /* RecentTransactionList.swift */; };
		D18420EC2A7EF37600A9197A /* Collections in Frameworks */ = {isa = PBXBuildFile; productRef = D18420EB2A7EF37600A9197A /* Collections */; };
		D18420EF2A7EF56E00A9197A /* SwiftUICharts in Frameworks */ = {isa = PBXBuildFile; productRef = D18420EE2A7EF56E00A9197A /* SwiftUICharts */; };
		D185F5952A705D810081647E /* TransactionModel.swift in Sources */ = {isa = PBXBuildFile; fileRef = D185F5942A705D810081647E /* TransactionModel.swift */; };
		D185F5972A7061850081647E /* PreviewData.swift in Sources */ = {isa = PBXBuildFile; fileRef = D185F5962A7061850081647E /* PreviewData.swift */; };
		D185F5992A719AD10081647E /* TransactionRow.swift in Sources */ = {isa = PBXBuildFile; fileRef = D185F5982A719AD10081647E /* TransactionRow.swift */; };
		D185F59C2A73125B0081647E /* SwiftUIFontIcon in Frameworks */ = {isa = PBXBuildFile; productRef = D185F59B2A73125B0081647E /* SwiftUIFontIcon */; };
		D185F59E2A742E7F0081647E /* TransactionListViewModel.swift in Sources */ = {isa = PBXBuildFile; fileRef = D185F59D2A742E7F0081647E /* TransactionListViewModel.swift */; };
		D19BB4372A671FFD0016D45D /* ExpenseTrackerApp.swift in Sources */ = {isa = PBXBuildFile; fileRef = D19BB4362A671FFD0016D45D /* ExpenseTrackerApp.swift */; };
		D19BB4392A671FFD0016D45D /* ContentView.swift in Sources */ = {isa = PBXBuildFile; fileRef = D19BB4382A671FFD0016D45D /* ContentView.swift */; };
		D19BB43B2A671FFE0016D45D /* Assets.xcassets in Resources */ = {isa = PBXBuildFile; fileRef = D19BB43A2A671FFE0016D45D /* Assets.xcassets */; };
		D19BB43E2A671FFE0016D45D /* Preview Assets.xcassets in Resources */ = {isa = PBXBuildFile; fileRef = D19BB43D2A671FFE0016D45D /* Preview Assets.xcassets */; };
		D19BB4482A671FFE0016D45D /* ExpenseTrackerTests.swift in Sources */ = {isa = PBXBuildFile; fileRef = D19BB4472A671FFE0016D45D /* ExpenseTrackerTests.swift */; };
		D19BB4522A671FFE0016D45D /* ExpenseTrackerUITests.swift in Sources */ = {isa = PBXBuildFile; fileRef = D19BB4512A671FFE0016D45D /* ExpenseTrackerUITests.swift */; };
		D19BB4542A671FFE0016D45D /* ExpenseTrackerUITestsLaunchTests.swift in Sources */ = {isa = PBXBuildFile; fileRef = D19BB4532A671FFE0016D45D /* ExpenseTrackerUITestsLaunchTests.swift */; };
		D19BB4612A6724830016D45D /* Extension.swift in Sources */ = {isa = PBXBuildFile; fileRef = D19BB4602A6724830016D45D /* Extension.swift */; };
		D1BFCFBA2A7C218E00418EFD /* TransactionList.swift in Sources */ = {isa = PBXBuildFile; fileRef = D1BFCFB92A7C218E00418EFD /* TransactionList.swift */; };
/* End PBXBuildFile section */

/* Begin PBXContainerItemProxy section */
		D19BB4442A671FFE0016D45D /* PBXContainerItemProxy */ = {
			isa = PBXContainerItemProxy;
			containerPortal = D19BB42B2A671FFD0016D45D /* Project object */;
			proxyType = 1;
			remoteGlobalIDString = D19BB4322A671FFD0016D45D;
			remoteInfo = ExpenseTracker;
		};
		D19BB44E2A671FFE0016D45D /* PBXContainerItemProxy */ = {
			isa = PBXContainerItemProxy;
			containerPortal = D19BB42B2A671FFD0016D45D /* Project object */;
			proxyType = 1;
			remoteGlobalIDString = D19BB4322A671FFD0016D45D;
			remoteInfo = ExpenseTracker;
		};
/* End PBXContainerItemProxy section */

/* Begin PBXFileReference section */
		D1806B142A79A07700C031B8 /* RecentTransactionList.swift */ = {isa = PBXFileReference; lastKnownFileType = sourcecode.swift; path = RecentTransactionList.swift; sourceTree = "<group>"; };
		D185F5942A705D810081647E /* TransactionModel.swift */ = {isa = PBXFileReference; lastKnownFileType = sourcecode.swift; path = TransactionModel.swift; sourceTree = "<group>"; };
		D185F5962A7061850081647E /* PreviewData.swift */ = {isa = PBXFileReference; lastKnownFileType = sourcecode.swift; path = PreviewData.swift; sourceTree = "<group>"; };
		D185F5982A719AD10081647E /* TransactionRow.swift */ = {isa = PBXFileReference; lastKnownFileType = sourcecode.swift; path = TransactionRow.swift; sourceTree = "<group>"; };
		D185F59D2A742E7F0081647E /* TransactionListViewModel.swift */ = {isa = PBXFileReference; lastKnownFileType = sourcecode.swift; path = TransactionListViewModel.swift; sourceTree = "<group>"; };
		D19BB4332A671FFD0016D45D /* ExpenseTracker.app */ = {isa = PBXFileReference; explicitFileType = wrapper.application; includeInIndex = 0; path = ExpenseTracker.app; sourceTree = BUILT_PRODUCTS_DIR; };
		D19BB4362A671FFD0016D45D /* ExpenseTrackerApp.swift */ = {isa = PBXFileReference; lastKnownFileType = sourcecode.swift; path = ExpenseTrackerApp.swift; sourceTree = "<group>"; };
		D19BB4382A671FFD0016D45D /* ContentView.swift */ = {isa = PBXFileReference; lastKnownFileType = sourcecode.swift; path = ContentView.swift; sourceTree = "<group>"; };
		D19BB43A2A671FFE0016D45D /* Assets.xcassets */ = {isa = PBXFileReference; lastKnownFileType = folder.assetcatalog; path = Assets.xcassets; sourceTree = "<group>"; };
		D19BB43D2A671FFE0016D45D /* Preview Assets.xcassets */ = {isa = PBXFileReference; lastKnownFileType = folder.assetcatalog; path = "Preview Assets.xcassets"; sourceTree = "<group>"; };
		D19BB4432A671FFE0016D45D /* ExpenseTrackerTests.xctest */ = {isa = PBXFileReference; explicitFileType = wrapper.cfbundle; includeInIndex = 0; path = ExpenseTrackerTests.xctest; sourceTree = BUILT_PRODUCTS_DIR; };
		D19BB4472A671FFE0016D45D /* ExpenseTrackerTests.swift */ = {isa = PBXFileReference; lastKnownFileType = sourcecode.swift; path = ExpenseTrackerTests.swift; sourceTree = "<group>"; };
		D19BB44D2A671FFE0016D45D /* ExpenseTrackerUITests.xctest */ = {isa = PBXFileReference; explicitFileType = wrapper.cfbundle; includeInIndex = 0; path = ExpenseTrackerUITests.xctest; sourceTree = BUILT_PRODUCTS_DIR; };
		D19BB4512A671FFE0016D45D /* ExpenseTrackerUITests.swift */ = {isa = PBXFileReference; lastKnownFileType = sourcecode.swift; path = ExpenseTrackerUITests.swift; sourceTree = "<group>"; };
		D19BB4532A671FFE0016D45D /* ExpenseTrackerUITestsLaunchTests.swift */ = {isa = PBXFileReference; lastKnownFileType = sourcecode.swift; path = ExpenseTrackerUITestsLaunchTests.swift; sourceTree = "<group>"; };
		D19BB4602A6724830016D45D /* Extension.swift */ = {isa = PBXFileReference; lastKnownFileType = sourcecode.swift; path = Extension.swift; sourceTree = "<group>"; };
		D1BFCFB92A7C218E00418EFD /* TransactionList.swift */ = {isa = PBXFileReference; lastKnownFileType = sourcecode.swift; path = TransactionList.swift; sourceTree = "<group>"; };
/* End PBXFileReference section */

/* Begin PBXFrameworksBuildPhase section */
		D19BB4302A671FFD0016D45D /* Frameworks */ = {
			isa = PBXFrameworksBuildPhase;
			buildActionMask = 2147483647;
			files = (
				D18420EF2A7EF56E00A9197A /* SwiftUICharts in Frameworks */,
				D18420EC2A7EF37600A9197A /* Collections in Frameworks */,
				D185F59C2A73125B0081647E /* SwiftUIFontIcon in Frameworks */,
			);
			runOnlyForDeploymentPostprocessing = 0;
		};
		D19BB4402A671FFE0016D45D /* Frameworks */ = {
			isa = PBXFrameworksBuildPhase;
			buildActionMask = 2147483647;
			files = (
			);
			runOnlyForDeploymentPostprocessing = 0;
		};
		D19BB44A2A671FFE0016D45D /* Frameworks */ = {
			isa = PBXFrameworksBuildPhase;
			buildActionMask = 2147483647;
			files = (
			);
			runOnlyForDeploymentPostprocessing = 0;
		};
/* End PBXFrameworksBuildPhase section */

/* Begin PBXGroup section */
		D19BB42A2A671FFD0016D45D = {
			isa = PBXGroup;
			children = (
				D19BB4352A671FFD0016D45D /* ExpenseTracker */,
				D19BB4462A671FFE0016D45D /* ExpenseTrackerTests */,
				D19BB4502A671FFE0016D45D /* ExpenseTrackerUITests */,
				D19BB4342A671FFD0016D45D /* Products */,
			);
			sourceTree = "<group>";
		};
		D19BB4342A671FFD0016D45D /* Products */ = {
			isa = PBXGroup;
			children = (
				D19BB4332A671FFD0016D45D /* ExpenseTracker.app */,
				D19BB4432A671FFE0016D45D /* ExpenseTrackerTests.xctest */,
				D19BB44D2A671FFE0016D45D /* ExpenseTrackerUITests.xctest */,
			);
			name = Products;
			sourceTree = "<group>";
		};
		D19BB4352A671FFD0016D45D /* ExpenseTracker */ = {
			isa = PBXGroup;
			children = (
				D19BB4362A671FFD0016D45D /* ExpenseTrackerApp.swift */,
				D19BB4602A6724830016D45D /* Extension.swift */,
				D19BB4382A671FFD0016D45D /* ContentView.swift */,
				D1BFCFB92A7C218E00418EFD /* TransactionList.swift */,
				D185F5982A719AD10081647E /* TransactionRow.swift */,
				D1806B142A79A07700C031B8 /* RecentTransactionList.swift */,
				D185F59D2A742E7F0081647E /* TransactionListViewModel.swift */,
				D185F5942A705D810081647E /* TransactionModel.swift */,
				D19BB43A2A671FFE0016D45D /* Assets.xcassets */,
				D19BB43C2A671FFE0016D45D /* Preview Content */,
			);
			path = ExpenseTracker;
			sourceTree = "<group>";
		};
		D19BB43C2A671FFE0016D45D /* Preview Content */ = {
			isa = PBXGroup;
			children = (
				D185F5962A7061850081647E /* PreviewData.swift */,
				D19BB43D2A671FFE0016D45D /* Preview Assets.xcassets */,
			);
			path = "Preview Content";
			sourceTree = "<group>";
		};
		D19BB4462A671FFE0016D45D /* ExpenseTrackerTests */ = {
			isa = PBXGroup;
			children = (
				D19BB4472A671FFE0016D45D /* ExpenseTrackerTests.swift */,
			);
			path = ExpenseTrackerTests;
			sourceTree = "<group>";
		};
		D19BB4502A671FFE0016D45D /* ExpenseTrackerUITests */ = {
			isa = PBXGroup;
			children = (
				D19BB4512A671FFE0016D45D /* ExpenseTrackerUITests.swift */,
				D19BB4532A671FFE0016D45D /* ExpenseTrackerUITestsLaunchTests.swift */,
			);
			path = ExpenseTrackerUITests;
			sourceTree = "<group>";
		};
/* End PBXGroup section */

/* Begin PBXNativeTarget section */
		D19BB4322A671FFD0016D45D /* ExpenseTracker */ = {
			isa = PBXNativeTarget;
			buildConfigurationList = D19BB4572A671FFE0016D45D /* Build configuration list for PBXNativeTarget "ExpenseTracker" */;
			buildPhases = (
				D19BB42F2A671FFD0016D45D /* Sources */,
				D19BB4302A671FFD0016D45D /* Frameworks */,
				D19BB4312A671FFD0016D45D /* Resources */,
			);
			buildRules = (
			);
			dependencies = (
			);
			name = ExpenseTracker;
			packageProductDependencies = (
				D185F59B2A73125B0081647E /* SwiftUIFontIcon */,
				D18420EB2A7EF37600A9197A /* Collections */,
				D18420EE2A7EF56E00A9197A /* SwiftUICharts */,
			);
			productName = ExpenseTracker;
			productReference = D19BB4332A671FFD0016D45D /* ExpenseTracker.app */;
			productType = "com.apple.product-type.application";
		};
		D19BB4422A671FFE0016D45D /* ExpenseTrackerTests */ = {
			isa = PBXNativeTarget;
			buildConfigurationList = D19BB45A2A671FFE0016D45D /* Build configuration list for PBXNativeTarget "ExpenseTrackerTests" */;
			buildPhases = (
				D19BB43F2A671FFE0016D45D /* Sources */,
				D19BB4402A671FFE0016D45D /* Frameworks */,
				D19BB4412A671FFE0016D45D /* Resources */,
			);
			buildRules = (
			);
			dependencies = (
				D19BB4452A671FFE0016D45D /* PBXTargetDependency */,
			);
			name = ExpenseTrackerTests;
			productName = ExpenseTrackerTests;
			productReference = D19BB4432A671FFE0016D45D /* ExpenseTrackerTests.xctest */;
			productType = "com.apple.product-type.bundle.unit-test";
		};
		D19BB44C2A671FFE0016D45D /* ExpenseTrackerUITests */ = {
			isa = PBXNativeTarget;
			buildConfigurationList = D19BB45D2A671FFE0016D45D /* Build configuration list for PBXNativeTarget "ExpenseTrackerUITests" */;
			buildPhases = (
				D19BB4492A671FFE0016D45D /* Sources */,
				D19BB44A2A671FFE0016D45D /* Frameworks */,
				D19BB44B2A671FFE0016D45D /* Resources */,
			);
			buildRules = (
			);
			dependencies = (
				D19BB44F2A671FFE0016D45D /* PBXTargetDependency */,
			);
			name = ExpenseTrackerUITests;
			productName = ExpenseTrackerUITests;
			productReference = D19BB44D2A671FFE0016D45D /* ExpenseTrackerUITests.xctest */;
			productType = "com.apple.product-type.bundle.ui-testing";
		};
/* End PBXNativeTarget section */

/* Begin PBXProject section */
		D19BB42B2A671FFD0016D45D /* Project object */ = {
			isa = PBXProject;
			attributes = {
				BuildIndependentTargetsInParallel = 1;
				LastSwiftUpdateCheck = 1430;
				LastUpgradeCheck = 1430;
				TargetAttributes = {
					D19BB4322A671FFD0016D45D = {
						CreatedOnToolsVersion = 14.3.1;
					};
					D19BB4422A671FFE0016D45D = {
						CreatedOnToolsVersion = 14.3.1;
						TestTargetID = D19BB4322A671FFD0016D45D;
					};
					D19BB44C2A671FFE0016D45D = {
						CreatedOnToolsVersion = 14.3.1;
						TestTargetID = D19BB4322A671FFD0016D45D;
					};
				};
			};
			buildConfigurationList = D19BB42E2A671FFD0016D45D /* Build configuration list for PBXProject "ExpenseTracker" */;
			compatibilityVersion = "Xcode 14.0";
			developmentRegion = en;
			hasScannedForEncodings = 0;
			knownRegions = (
				en,
				Base,
			);
			mainGroup = D19BB42A2A671FFD0016D45D;
			packageReferences = (
				D185F59A2A73125B0081647E /* XCRemoteSwiftPackageReference "SwiftUIFontIcon" */,
				D18420EA2A7EF37600A9197A /* XCRemoteSwiftPackageReference "swift-collections" */,
				D18420ED2A7EF56E00A9197A /* XCRemoteSwiftPackageReference "ChartView" */,
			);
			productRefGroup = D19BB4342A671FFD0016D45D /* Products */;
			projectDirPath = "";
			projectRoot = "";
			targets = (
				D19BB4322A671FFD0016D45D /* ExpenseTracker */,
				D19BB4422A671FFE0016D45D /* ExpenseTrackerTests */,
				D19BB44C2A671FFE0016D45D /* ExpenseTrackerUITests */,
			);
		};
/* End PBXProject section */

/* Begin PBXResourcesBuildPhase section */
		D19BB4312A671FFD0016D45D /* Resources */ = {
			isa = PBXResourcesBuildPhase;
			buildActionMask = 2147483647;
			files = (
				D19BB43E2A671FFE0016D45D /* Preview Assets.xcassets in Resources */,
				D19BB43B2A671FFE0016D45D /* Assets.xcassets in Resources */,
			);
			runOnlyForDeploymentPostprocessing = 0;
		};
		D19BB4412A671FFE0016D45D /* Resources */ = {
			isa = PBXResourcesBuildPhase;
			buildActionMask = 2147483647;
			files = (
			);
			runOnlyForDeploymentPostprocessing = 0;
		};
		D19BB44B2A671FFE0016D45D /* Resources */ = {
			isa = PBXResourcesBuildPhase;
			buildActionMask = 2147483647;
			files = (
			);
			runOnlyForDeploymentPostprocessing = 0;
		};
/* End PBXResourcesBuildPhase section */

/* Begin PBXSourcesBuildPhase section */
		D19BB42F2A671FFD0016D45D /* Sources */ = {
			isa = PBXSourcesBuildPhase;
			buildActionMask = 2147483647;
			files = (
				D185F5972A7061850081647E /* PreviewData.swift in Sources */,
				D1BFCFBA2A7C218E00418EFD /* TransactionList.swift in Sources */,
				D1806B152A79A07700C031B8 /* RecentTransactionList.swift in Sources */,
				D185F5952A705D810081647E /* TransactionModel.swift in Sources */,
				D19BB4612A6724830016D45D /* Extension.swift in Sources */,
				D185F5992A719AD10081647E /* TransactionRow.swift in Sources */,
				D19BB4392A671FFD0016D45D /* ContentView.swift in Sources */,
				D185F59E2A742E7F0081647E /* TransactionListViewModel.swift in Sources */,
				D19BB4372A671FFD0016D45D /* ExpenseTrackerApp.swift in Sources */,
			);
			runOnlyForDeploymentPostprocessing = 0;
		};
		D19BB43F2A671FFE0016D45D /* Sources */ = {
			isa = PBXSourcesBuildPhase;
			buildActionMask = 2147483647;
			files = (
				D19BB4482A671FFE0016D45D /* ExpenseTrackerTests.swift in Sources */,
			);
			runOnlyForDeploymentPostprocessing = 0;
		};
		D19BB4492A671FFE0016D45D /* Sources */ = {
			isa = PBXSourcesBuildPhase;
			buildActionMask = 2147483647;
			files = (
				D19BB4542A671FFE0016D45D /* ExpenseTrackerUITestsLaunchTests.swift in Sources */,
				D19BB4522A671FFE0016D45D /* ExpenseTrackerUITests.swift in Sources */,
			);
			runOnlyForDeploymentPostprocessing = 0;
		};
/* End PBXSourcesBuildPhase section */

/* Begin PBXTargetDependency section */
		D19BB4452A671FFE0016D45D /* PBXTargetDependency */ = {
			isa = PBXTargetDependency;
			target = D19BB4322A671FFD0016D45D /* ExpenseTracker */;
			targetProxy = D19BB4442A671FFE0016D45D /* PBXContainerItemProxy */;
		};
		D19BB44F2A671FFE0016D45D /* PBXTargetDependency */ = {
			isa = PBXTargetDependency;
			target = D19BB4322A671FFD0016D45D /* ExpenseTracker */;
			targetProxy = D19BB44E2A671FFE0016D45D /* PBXContainerItemProxy */;
		};
/* End PBXTargetDependency section */

/* Begin XCBuildConfiguration section */
		D19BB4552A671FFE0016D45D /* Debug */ = {
			isa = XCBuildConfiguration;
			buildSettings = {
				ALWAYS_SEARCH_USER_PATHS = NO;
				CLANG_ANALYZER_NONNULL = YES;
				CLANG_ANALYZER_NUMBER_OBJECT_CONVERSION = YES_AGGRESSIVE;
				CLANG_CXX_LANGUAGE_STANDARD = "gnu++20";
				CLANG_ENABLE_MODULES = YES;
				CLANG_ENABLE_OBJC_ARC = YES;
				CLANG_ENABLE_OBJC_WEAK = YES;
				CLANG_WARN_BLOCK_CAPTURE_AUTORELEASING = YES;
				CLANG_WARN_BOOL_CONVERSION = YES;
				CLANG_WARN_COMMA = YES;
				CLANG_WARN_CONSTANT_CONVERSION = YES;
				CLANG_WARN_DEPRECATED_OBJC_IMPLEMENTATIONS = YES;
				CLANG_WARN_DIRECT_OBJC_ISA_USAGE = YES_ERROR;
				CLANG_WARN_DOCUMENTATION_COMMENTS = YES;
				CLANG_WARN_EMPTY_BODY = YES;
				CLANG_WARN_ENUM_CONVERSION = YES;
				CLANG_WARN_INFINITE_RECURSION = YES;
				CLANG_WARN_INT_CONVERSION = YES;
				CLANG_WARN_NON_LITERAL_NULL_CONVERSION = YES;
				CLANG_WARN_OBJC_IMPLICIT_RETAIN_SELF = YES;
				CLANG_WARN_OBJC_LITERAL_CONVERSION = YES;
				CLANG_WARN_OBJC_ROOT_CLASS = YES_ERROR;
				CLANG_WARN_QUOTED_INCLUDE_IN_FRAMEWORK_HEADER = YES;
				CLANG_WARN_RANGE_LOOP_ANALYSIS = YES;
				CLANG_WARN_STRICT_PROTOTYPES = YES;
				CLANG_WARN_SUSPICIOUS_MOVE = YES;
				CLANG_WARN_UNGUARDED_AVAILABILITY = YES_AGGRESSIVE;
				CLANG_WARN_UNREACHABLE_CODE = YES;
				CLANG_WARN__DUPLICATE_METHOD_MATCH = YES;
				COPY_PHASE_STRIP = NO;
				DEBUG_INFORMATION_FORMAT = dwarf;
				ENABLE_STRICT_OBJC_MSGSEND = YES;
				ENABLE_TESTABILITY = YES;
				GCC_C_LANGUAGE_STANDARD = gnu11;
				GCC_DYNAMIC_NO_PIC = NO;
				GCC_NO_COMMON_BLOCKS = YES;
				GCC_OPTIMIZATION_LEVEL = 0;
				GCC_PREPROCESSOR_DEFINITIONS = (
					"DEBUG=1",
					"$(inherited)",
				);
				GCC_WARN_64_TO_32_BIT_CONVERSION = YES;
				GCC_WARN_ABOUT_RETURN_TYPE = YES_ERROR;
				GCC_WARN_UNDECLARED_SELECTOR = YES;
				GCC_WARN_UNINITIALIZED_AUTOS = YES_AGGRESSIVE;
				GCC_WARN_UNUSED_FUNCTION = YES;
				GCC_WARN_UNUSED_VARIABLE = YES;
				IPHONEOS_DEPLOYMENT_TARGET = 16.4;
				MTL_ENABLE_DEBUG_INFO = INCLUDE_SOURCE;
				MTL_FAST_MATH = YES;
				ONLY_ACTIVE_ARCH = YES;
				SDKROOT = iphoneos;
				SWIFT_ACTIVE_COMPILATION_CONDITIONS = DEBUG;
				SWIFT_OPTIMIZATION_LEVEL = "-Onone";
			};
			name = Debug;
		};
		D19BB4562A671FFE0016D45D /* Release */ = {
			isa = XCBuildConfiguration;
			buildSettings = {
				ALWAYS_SEARCH_USER_PATHS = NO;
				CLANG_ANALYZER_NONNULL = YES;
				CLANG_ANALYZER_NUMBER_OBJECT_CONVERSION = YES_AGGRESSIVE;
				CLANG_CXX_LANGUAGE_STANDARD = "gnu++20";
				CLANG_ENABLE_MODULES = YES;
				CLANG_ENABLE_OBJC_ARC = YES;
				CLANG_ENABLE_OBJC_WEAK = YES;
				CLANG_WARN_BLOCK_CAPTURE_AUTORELEASING = YES;
				CLANG_WARN_BOOL_CONVERSION = YES;
				CLANG_WARN_COMMA = YES;
				CLANG_WARN_CONSTANT_CONVERSION = YES;
				CLANG_WARN_DEPRECATED_OBJC_IMPLEMENTATIONS = YES;
				CLANG_WARN_DIRECT_OBJC_ISA_USAGE = YES_ERROR;
				CLANG_WARN_DOCUMENTATION_COMMENTS = YES;
				CLANG_WARN_EMPTY_BODY = YES;
				CLANG_WARN_ENUM_CONVERSION = YES;
				CLANG_WARN_INFINITE_RECURSION = YES;
				CLANG_WARN_INT_CONVERSION = YES;
				CLANG_WARN_NON_LITERAL_NULL_CONVERSION = YES;
				CLANG_WARN_OBJC_IMPLICIT_RETAIN_SELF = YES;
				CLANG_WARN_OBJC_LITERAL_CONVERSION = YES;
				CLANG_WARN_OBJC_ROOT_CLASS = YES_ERROR;
				CLANG_WARN_QUOTED_INCLUDE_IN_FRAMEWORK_HEADER = YES;
				CLANG_WARN_RANGE_LOOP_ANALYSIS = YES;
				CLANG_WARN_STRICT_PROTOTYPES = YES;
				CLANG_WARN_SUSPICIOUS_MOVE = YES;
				CLANG_WARN_UNGUARDED_AVAILABILITY = YES_AGGRESSIVE;
				CLANG_WARN_UNREACHABLE_CODE = YES;
				CLANG_WARN__DUPLICATE_METHOD_MATCH = YES;
				COPY_PHASE_STRIP = NO;
				DEBUG_INFORMATION_FORMAT = "dwarf-with-dsym";
				ENABLE_NS_ASSERTIONS = NO;
				ENABLE_STRICT_OBJC_MSGSEND = YES;
				GCC_C_LANGUAGE_STANDARD = gnu11;
				GCC_NO_COMMON_BLOCKS = YES;
				GCC_WARN_64_TO_32_BIT_CONVERSION = YES;
				GCC_WARN_ABOUT_RETURN_TYPE = YES_ERROR;
				GCC_WARN_UNDECLARED_SELECTOR = YES;
				GCC_WARN_UNINITIALIZED_AUTOS = YES_AGGRESSIVE;
				GCC_WARN_UNUSED_FUNCTION = YES;
				GCC_WARN_UNUSED_VARIABLE = YES;
				IPHONEOS_DEPLOYMENT_TARGET = 16.4;
				MTL_ENABLE_DEBUG_INFO = NO;
				MTL_FAST_MATH = YES;
				SDKROOT = iphoneos;
				SWIFT_COMPILATION_MODE = wholemodule;
				SWIFT_OPTIMIZATION_LEVEL = "-O";
				VALIDATE_PRODUCT = YES;
			};
			name = Release;
		};
		D19BB4582A671FFE0016D45D /* Debug */ = {
			isa = XCBuildConfiguration;
			buildSettings = {
				ASSETCATALOG_COMPILER_APPICON_NAME = AppIcon;
				ASSETCATALOG_COMPILER_GLOBAL_ACCENT_COLOR_NAME = AccentColor;
				CODE_SIGN_STYLE = Automatic;
				CURRENT_PROJECT_VERSION = 1;
				DEVELOPMENT_ASSET_PATHS = "\"ExpenseTracker/Preview Content\"";
				ENABLE_PREVIEWS = YES;
				GENERATE_INFOPLIST_FILE = YES;
				INFOPLIST_KEY_UIApplicationSceneManifest_Generation = YES;
				INFOPLIST_KEY_UIApplicationSupportsIndirectInputEvents = YES;
				INFOPLIST_KEY_UILaunchScreen_Generation = YES;
				INFOPLIST_KEY_UISupportedInterfaceOrientations_iPad = "UIInterfaceOrientationPortrait UIInterfaceOrientationPortraitUpsideDown UIInterfaceOrientationLandscapeLeft UIInterfaceOrientationLandscapeRight";
				INFOPLIST_KEY_UISupportedInterfaceOrientations_iPhone = "UIInterfaceOrientationPortrait UIInterfaceOrientationLandscapeLeft UIInterfaceOrientationLandscapeRight";
				LD_RUNPATH_SEARCH_PATHS = (
					"$(inherited)",
					"@executable_path/Frameworks",
				);
				MARKETING_VERSION = 1.0;
				PRODUCT_BUNDLE_IDENTIFIER = homescreen.ExpenseTracker;
				PRODUCT_NAME = "$(TARGET_NAME)";
				SWIFT_EMIT_LOC_STRINGS = YES;
				SWIFT_VERSION = 5.0;
				TARGETED_DEVICE_FAMILY = "1,2";
			};
			name = Debug;
		};
		D19BB4592A671FFE0016D45D /* Release */ = {
			isa = XCBuildConfiguration;
			buildSettings = {
				ASSETCATALOG_COMPILER_APPICON_NAME = AppIcon;
				ASSETCATALOG_COMPILER_GLOBAL_ACCENT_COLOR_NAME = AccentColor;
				CODE_SIGN_STYLE = Automatic;
				CURRENT_PROJECT_VERSION = 1;
				DEVELOPMENT_ASSET_PATHS = "\"ExpenseTracker/Preview Content\"";
				ENABLE_PREVIEWS = YES;
				GENERATE_INFOPLIST_FILE = YES;
				INFOPLIST_KEY_UIApplicationSceneManifest_Generation = YES;
				INFOPLIST_KEY_UIApplicationSupportsIndirectInputEvents = YES;
				INFOPLIST_KEY_UILaunchScreen_Generation = YES;
				INFOPLIST_KEY_UISupportedInterfaceOrientations_iPad = "UIInterfaceOrientationPortrait UIInterfaceOrientationPortraitUpsideDown UIInterfaceOrientationLandscapeLeft UIInterfaceOrientationLandscapeRight";
				INFOPLIST_KEY_UISupportedInterfaceOrientations_iPhone = "UIInterfaceOrientationPortrait UIInterfaceOrientationLandscapeLeft UIInterfaceOrientationLandscapeRight";
				LD_RUNPATH_SEARCH_PATHS = (
					"$(inherited)",
					"@executable_path/Frameworks",
				);
				MARKETING_VERSION = 1.0;
				PRODUCT_BUNDLE_IDENTIFIER = homescreen.ExpenseTracker;
				PRODUCT_NAME = "$(TARGET_NAME)";
				SWIFT_EMIT_LOC_STRINGS = YES;
				SWIFT_VERSION = 5.0;
				TARGETED_DEVICE_FAMILY = "1,2";
			};
			name = Release;
		};
		D19BB45B2A671FFE0016D45D /* Debug */ = {
			isa = XCBuildConfiguration;
			buildSettings = {
				ALWAYS_EMBED_SWIFT_STANDARD_LIBRARIES = YES;
				BUNDLE_LOADER = "$(TEST_HOST)";
				CODE_SIGN_STYLE = Automatic;
				CURRENT_PROJECT_VERSION = 1;
				GENERATE_INFOPLIST_FILE = YES;
				IPHONEOS_DEPLOYMENT_TARGET = 16.4;
				MARKETING_VERSION = 1.0;
				PRODUCT_BUNDLE_IDENTIFIER = homescreen.ExpenseTrackerTests;
				PRODUCT_NAME = "$(TARGET_NAME)";
				SWIFT_EMIT_LOC_STRINGS = NO;
				SWIFT_VERSION = 5.0;
				TARGETED_DEVICE_FAMILY = "1,2";
				TEST_HOST = "$(BUILT_PRODUCTS_DIR)/ExpenseTracker.app/$(BUNDLE_EXECUTABLE_FOLDER_PATH)/ExpenseTracker";
			};
			name = Debug;
		};
		D19BB45C2A671FFE0016D45D /* Release */ = {
			isa = XCBuildConfiguration;
			buildSettings = {
				ALWAYS_EMBED_SWIFT_STANDARD_LIBRARIES = YES;
				BUNDLE_LOADER = "$(TEST_HOST)";
				CODE_SIGN_STYLE = Automatic;
				CURRENT_PROJECT_VERSION = 1;
				GENERATE_INFOPLIST_FILE = YES;
				IPHONEOS_DEPLOYMENT_TARGET = 16.4;
				MARKETING_VERSION = 1.0;
				PRODUCT_BUNDLE_IDENTIFIER = homescreen.ExpenseTrackerTests;
				PRODUCT_NAME = "$(TARGET_NAME)";
				SWIFT_EMIT_LOC_STRINGS = NO;
				SWIFT_VERSION = 5.0;
				TARGETED_DEVICE_FAMILY = "1,2";
				TEST_HOST = "$(BUILT_PRODUCTS_DIR)/ExpenseTracker.app/$(BUNDLE_EXECUTABLE_FOLDER_PATH)/ExpenseTracker";
			};
			name = Release;
		};
		D19BB45E2A671FFE0016D45D /* Debug */ = {
			isa = XCBuildConfiguration;
			buildSettings = {
				ALWAYS_EMBED_SWIFT_STANDARD_LIBRARIES = YES;
				CODE_SIGN_STYLE = Automatic;
				CURRENT_PROJECT_VERSION = 1;
				GENERATE_INFOPLIST_FILE = YES;
				MARKETING_VERSION = 1.0;
				PRODUCT_BUNDLE_IDENTIFIER = homescreen.ExpenseTrackerUITests;
				PRODUCT_NAME = "$(TARGET_NAME)";
				SWIFT_EMIT_LOC_STRINGS = NO;
				SWIFT_VERSION = 5.0;
				TARGETED_DEVICE_FAMILY = "1,2";
				TEST_TARGET_NAME = ExpenseTracker;
			};
			name = Debug;
		};
		D19BB45F2A671FFE0016D45D /* Release */ = {
			isa = XCBuildConfiguration;
			buildSettings = {
				ALWAYS_EMBED_SWIFT_STANDARD_LIBRARIES = YES;
				CODE_SIGN_STYLE = Automatic;
				CURRENT_PROJECT_VERSION = 1;
				GENERATE_INFOPLIST_FILE = YES;
				MARKETING_VERSION = 1.0;
				PRODUCT_BUNDLE_IDENTIFIER = homescreen.ExpenseTrackerUITests;
				PRODUCT_NAME = "$(TARGET_NAME)";
				SWIFT_EMIT_LOC_STRINGS = NO;
				SWIFT_VERSION = 5.0;
				TARGETED_DEVICE_FAMILY = "1,2";
				TEST_TARGET_NAME = ExpenseTracker;
			};
			name = Release;
		};
/* End XCBuildConfiguration section */

/* Begin XCConfigurationList section */
		D19BB42E2A671FFD0016D45D /* Build configuration list for PBXProject "ExpenseTracker" */ = {
			isa = XCConfigurationList;
			buildConfigurations = (
				D19BB4552A671FFE0016D45D /* Debug */,
				D19BB4562A671FFE0016D45D /* Release */,
			);
			defaultConfigurationIsVisible = 0;
			defaultConfigurationName = Release;
		};
		D19BB4572A671FFE0016D45D /* Build configuration list for PBXNativeTarget "ExpenseTracker" */ = {
			isa = XCConfigurationList;
			buildConfigurations = (
				D19BB4582A671FFE0016D45D /* Debug */,
				D19BB4592A671FFE0016D45D /* Release */,
			);
			defaultConfigurationIsVisible = 0;
			defaultConfigurationName = Release;
		};
		D19BB45A2A671FFE0016D45D /* Build configuration list for PBXNativeTarget "ExpenseTrackerTests" */ = {
			isa = XCConfigurationList;
			buildConfigurations = (
				D19BB45B2A671FFE0016D45D /* Debug */,
				D19BB45C2A671FFE0016D45D /* Release */,
			);
			defaultConfigurationIsVisible = 0;
			defaultConfigurationName = Release;
		};
		D19BB45D2A671FFE0016D45D /* Build configuration list for PBXNativeTarget "ExpenseTrackerUITests" */ = {
			isa = XCConfigurationList;
			buildConfigurations = (
				D19BB45E2A671FFE0016D45D /* Debug */,
				D19BB45F2A671FFE0016D45D /* Release */,
			);
			defaultConfigurationIsVisible = 0;
			defaultConfigurationName = Release;
		};
/* End XCConfigurationList section */

/* Begin XCRemoteSwiftPackageReference section */
		D18420EA2A7EF37600A9197A /* XCRemoteSwiftPackageReference "swift-collections" */ = {
			isa = XCRemoteSwiftPackageReference;
			repositoryURL = "https://github.com/apple/swift-collections.git";
			requirement = {
				kind = upToNextMajorVersion;
				minimumVersion = 1.0.4;
			};
		};
		D18420ED2A7EF56E00A9197A /* XCRemoteSwiftPackageReference "ChartView" */ = {
			isa = XCRemoteSwiftPackageReference;
			repositoryURL = "https://github.com/AppPear/ChartView";
			requirement = {
				kind = exactVersion;
				version = "2.0.0-beta.2";
			};
		};
		D185F59A2A73125B0081647E /* XCRemoteSwiftPackageReference "SwiftUIFontIcon" */ = {
			isa = XCRemoteSwiftPackageReference;
			repositoryURL = "https://github.com/huybuidac/SwiftUIFontIcon";
			requirement = {
				kind = upToNextMajorVersion;
				minimumVersion = 2.0.0;
			};
		};
/* End XCRemoteSwiftPackageReference section */

/* Begin XCSwiftPackageProductDependency section */
		D18420EB2A7EF37600A9197A /* Collections */ = {
			isa = XCSwiftPackageProductDependency;
			package = D18420EA2A7EF37600A9197A /* XCRemoteSwiftPackageReference "swift-collections" */;
			productName = Collections;
		};
		D18420EE2A7EF56E00A9197A /* SwiftUICharts */ = {
			isa = XCSwiftPackageProductDependency;
			package = D18420ED2A7EF56E00A9197A /* XCRemoteSwiftPackageReference "ChartView" */;
			productName = SwiftUICharts;
		};
		D185F59B2A73125B0081647E /* SwiftUIFontIcon */ = {
			isa = XCSwiftPackageProductDependency;
			package = D185F59A2A73125B0081647E /* XCRemoteSwiftPackageReference "SwiftUIFontIcon" */;
			productName = SwiftUIFontIcon;
		};
/* End XCSwiftPackageProductDependency section */
	};
	rootObject = D19BB42B2A671FFD0016D45D /* Project object */;
}
